
Microsoft Visual Studio Solution File, Format Version 12.00
# Visual Studio Version 16
VisualStudioVersion = 16.0.35706.149
MinimumVisualStudioVersion = 10.0.40219.1
Project("{9A19103F-16F7-4668-BE54-9A1E7A4F7556}") = "ManagedPlugin64", "ManagedPlugin64\ManagedPlugin64.csproj", "{02600C4C-1588-4527-8DF6-9272E298A998}"
EndProject
Project("{8BC9CEB8-8B4A-11D0-8D11-00A0C91BC942}") = "IdaPlusPlus64", "IdaPlusPlus64\IdaPlusPlus64.vcxproj", "{6C367767-562C-412D-9970-F78056D973D1}"
EndProject
Project("{8BC9CEB8-8B4A-11D0-8D11-00A0C91BC942}") = "xWare.net64", "xWare.net64\xWare.net64.vcxproj", "{5B0F8925-1B12-4036-A295-BE8A2BE0A744}"
	ProjectSection(ProjectDependencies) = postProject
		{02600C4C-1588-4527-8DF6-9272E298A998} = {02600C4C-1588-4527-8DF6-9272E298A998}
		{6C367767-562C-412D-9970-F78056D973D1} = {6C367767-562C-412D-9970-F78056D973D1}
	EndProjectSection
EndProject
Project("{8BC9CEB8-8B4A-11D0-8D11-00A0C91BC942}") = "IdaShim64", "IdaShim64\IdaShim64.vcxproj", "{03537321-34E1-4508-A809-0011CB174472}"
	ProjectSection(ProjectDependencies) = postProject
		{02600C4C-1588-4527-8DF6-9272E298A998} = {02600C4C-1588-4527-8DF6-9272E298A998}
		{5B0F8925-1B12-4036-A295-BE8A2BE0A744} = {5B0F8925-1B12-4036-A295-BE8A2BE0A744}
		{6C367767-562C-412D-9970-F78056D973D1} = {6C367767-562C-412D-9970-F78056D973D1}
	EndProjectSection
EndProject
Global
	GlobalSection(SolutionConfigurationPlatforms) = preSolution
		Debug|x64 = Debug|x64
		Release|x64 = Release|x64
	EndGlobalSection
	GlobalSection(ProjectConfigurationPlatforms) = postSolution
		{02600C4C-1588-4527-8DF6-9272E298A998}.Debug|x64.ActiveCfg = Debug|x64
		{02600C4C-1588-4527-8DF6-9272E298A998}.Debug|x64.Build.0 = Debug|x64
		{02600C4C-1588-4527-8DF6-9272E298A998}.Release|x64.ActiveCfg = Release|x64
		{02600C4C-1588-4527-8DF6-9272E298A998}.Release|x64.Build.0 = Release|x64
		{6C367767-562C-412D-9970-F78056D973D1}.Debug|x64.ActiveCfg = Debug|x64
		{6C367767-562C-412D-9970-F78056D973D1}.Debug|x64.Build.0 = Debug|x64
		{6C367767-562C-412D-9970-F78056D973D1}.Release|x64.ActiveCfg = Release|x64
		{6C367767-562C-412D-9970-F78056D973D1}.Release|x64.Build.0 = Release|x64
		{5B0F8925-1B12-4036-A295-BE8A2BE0A744}.Debug|x64.ActiveCfg = Debug|x64
		{5B0F8925-1B12-4036-A295-BE8A2BE0A744}.Debug|x64.Build.0 = Debug|x64
		{5B0F8925-1B12-4036-A295-BE8A2BE0A744}.Release|x64.ActiveCfg = Release|x64
		{5B0F8925-1B12-4036-A295-BE8A2BE0A744}.Release|x64.Build.0 = Release|x64
		{03537321-34E1-4508-A809-0011CB174472}.Debug|x64.ActiveCfg = Debug|x64
		{03537321-34E1-4508-A809-0011CB174472}.Debug|x64.Build.0 = Debug|x64
		{03537321-34E1-4508-A809-0011CB174472}.Release|x64.ActiveCfg = Release|x64
		{03537321-34E1-4508-A809-0011CB174472}.Release|x64.Build.0 = Release|x64
	EndGlobalSection
	GlobalSection(SolutionProperties) = preSolution
		HideSolutionNode = FALSE
	EndGlobalSection
	GlobalSection(ExtensibilityGlobals) = postSolution
		SolutionGuid = {49FBD459-454B-4288-8D43-B2F34F258E3A}
	EndGlobalSection
EndGlobal
